// !$*UTF8*$!
{
	archiveVersion = 1;
	classes = {
	};
	objectVersion = 56;
	objects = {

/* Begin PBXBuildFile section */
		1B44A05A4C1AE75F8D13AB7C /* libPods-MoocherPolling.a in Frameworks */ = {isa = PBXBuildFile; fileRef = 42F27F2A90B81EC40BEE8787 /* libPods-MoocherPolling.a */; };
		3EB8EBAD3FE1F8D1D0784F9A /* libPods-Moocher.a in Frameworks */ = {isa = PBXBuildFile; fileRef = AFEC73E480E3477D37857E7B /* libPods-Moocher.a */; };
		9438688E292FE3EE00D079A9 /* PollingContain.swift in Sources */ = {isa = PBXBuildFile; fileRef = 9438688D292FE3EE00D079A9 /* PollingContain.swift */; };
		94386897292FEC1100D079A9 /* Moocher.framework in Frameworks */ = {isa = PBXBuildFile; fileRef = 94F1DE84291E054900411CCB /* Moocher.framework */; };
		9438689E292FEC8100D079A9 /* HangOnSpec.swift in Sources */ = {isa = PBXBuildFile; fileRef = 94F91F8F292BCA27005B0D76 /* HangOnSpec.swift */; };
		944570272935B399009D9202 /* AnyActualValue.swift in Sources */ = {isa = PBXBuildFile; fileRef = 944570262935B399009D9202 /* AnyActualValue.swift */; };
		9445702F2937992D009D9202 /* PollingBeNilSpec.swift in Sources */ = {isa = PBXBuildFile; fileRef = 9445702E2937992D009D9202 /* PollingBeNilSpec.swift */; };
		944570312937ABDD009D9202 /* LongRunningTaskSimulator.swift in Sources */ = {isa = PBXBuildFile; fileRef = 944570302937ABDD009D9202 /* LongRunningTaskSimulator.swift */; };
		944570332937F2F9009D9202 /* PollingContainSpec.swift in Sources */ = {isa = PBXBuildFile; fileRef = 944570322937F2F9009D9202 /* PollingContainSpec.swift */; };
		9445703529386577009D9202 /* PollingEqualSpec.swift in Sources */ = {isa = PBXBuildFile; fileRef = 9445703429386577009D9202 /* PollingEqualSpec.swift */; };
		945E8443292DE969000339B8 /* Time.swift in Sources */ = {isa = PBXBuildFile; fileRef = 945E8442292DE969000339B8 /* Time.swift */; };
		945E8449292F1843000339B8 /* Waiter.swift in Sources */ = {isa = PBXBuildFile; fileRef = 945E8448292F1843000339B8 /* Waiter.swift */; };
		945E844C292F2048000339B8 /* PollingBeNil.swift in Sources */ = {isa = PBXBuildFile; fileRef = 945E844B292F2048000339B8 /* PollingBeNil.swift */; };
		945E844E292F2346000339B8 /* PollingEqual.swift in Sources */ = {isa = PBXBuildFile; fileRef = 945E844D292F2346000339B8 /* PollingEqual.swift */; };
		9471F4EB2B76E75D0065CD44 /* SpecHelpers.swift in Sources */ = {isa = PBXBuildFile; fileRef = 9471F4EA2B76E75D0065CD44 /* SpecHelpers.swift */; };
		9471F4FA2B7B181E0065CD44 /* SpecWrapper.swift in Sources */ = {isa = PBXBuildFile; fileRef = 9471F4F92B7B181E0065CD44 /* SpecWrapper.swift */; };
		9471F4FC2B7B184F0065CD44 /* Atomic.swift in Sources */ = {isa = PBXBuildFile; fileRef = 9471F4FB2B7B184F0065CD44 /* Atomic.swift */; };
		9471F5062B7C5DE30065CD44 /* PollingBeTruthy.swift in Sources */ = {isa = PBXBuildFile; fileRef = 9471F5042B7C5B8E0065CD44 /* PollingBeTruthy.swift */; };
		9471F5082B7C5F7D0065CD44 /* PollingBeFalsy.swift in Sources */ = {isa = PBXBuildFile; fileRef = 9471F5072B7C5F7D0065CD44 /* PollingBeFalsy.swift */; };
		9471F5092B7C61100065CD44 /* PollingMatcherEngine.swift in Sources */ = {isa = PBXBuildFile; fileRef = 94FBA5F4292EDA5300C9742D /* PollingMatcherEngine.swift */; };
		9471F50B2B7C61600065CD44 /* PollingBeTruthySpec.swift in Sources */ = {isa = PBXBuildFile; fileRef = 9471F50A2B7C61600065CD44 /* PollingBeTruthySpec.swift */; };
		9471F50D2B7C61700065CD44 /* PollingBeFalsySpec.swift in Sources */ = {isa = PBXBuildFile; fileRef = 9471F50C2B7C61700065CD44 /* PollingBeFalsySpec.swift */; };
		9491131929284C5900B60941 /* StartWith.swift in Sources */ = {isa = PBXBuildFile; fileRef = 9491131829284C5900B60941 /* StartWith.swift */; };
		9491131C29284F5300B60941 /* StartWithSpec.swift in Sources */ = {isa = PBXBuildFile; fileRef = 9491131A29284E6600B60941 /* StartWithSpec.swift */; };
		9491131E2928502600B60941 /* EndWith.swift in Sources */ = {isa = PBXBuildFile; fileRef = 9491131D2928502600B60941 /* EndWith.swift */; };
		949113212929287E00B60941 /* EndWithSpec.swift in Sources */ = {isa = PBXBuildFile; fileRef = 9491131F2929287A00B60941 /* EndWithSpec.swift */; };
		9499BD65291EBA03004C2244 /* Dog.swift in Sources */ = {isa = PBXBuildFile; fileRef = 9499BD63291EBA00004C2244 /* Dog.swift */; };
		9499BD68291EC21D004C2244 /* Fish.swift in Sources */ = {isa = PBXBuildFile; fileRef = 9499BD66291EC210004C2244 /* Fish.swift */; };
		9499BD6A291ECD42004C2244 /* GrizzlyBear.swift in Sources */ = {isa = PBXBuildFile; fileRef = 9499BD69291ECD42004C2244 /* GrizzlyBear.swift */; };
		9499BD6C291F1E9E004C2244 /* BJJBelt.swift in Sources */ = {isa = PBXBuildFile; fileRef = 9499BD6B291F1E9E004C2244 /* BJJBelt.swift */; };
		9499BD702922F000004C2244 /* BeNil.swift in Sources */ = {isa = PBXBuildFile; fileRef = 9499BD6E2922EF02004C2244 /* BeNil.swift */; };
		9499BD732922F1A6004C2244 /* BeInstanceOf.swift in Sources */ = {isa = PBXBuildFile; fileRef = 9499BD712922F075004C2244 /* BeInstanceOf.swift */; };
		9499BD752922F1E9004C2244 /* BeKindOf.swift in Sources */ = {isa = PBXBuildFile; fileRef = 9499BD742922F1E9004C2244 /* BeKindOf.swift */; };
		9499BD772922F3A4004C2244 /* ConformTo.swift in Sources */ = {isa = PBXBuildFile; fileRef = 9499BD762922F3A4004C2244 /* ConformTo.swift */; };
		9499BD792922F4DF004C2244 /* Equal.swift in Sources */ = {isa = PBXBuildFile; fileRef = 9499BD782922F4DF004C2244 /* Equal.swift */; };
		9499BD7B2922FCF1004C2244 /* BeTruthy.swift in Sources */ = {isa = PBXBuildFile; fileRef = 9499BD7A2922FCF1004C2244 /* BeTruthy.swift */; };
		9499BD7D2922FD64004C2244 /* BeFalsy.swift in Sources */ = {isa = PBXBuildFile; fileRef = 9499BD7C2922FD64004C2244 /* BeFalsy.swift */; };
		9499BD7F2922FECC004C2244 /* BeLessThan.swift in Sources */ = {isa = PBXBuildFile; fileRef = 9499BD7E2922FECC004C2244 /* BeLessThan.swift */; };
		9499BD812922FFC8004C2244 /* BeLessThanOrEqualTo.swift in Sources */ = {isa = PBXBuildFile; fileRef = 9499BD802922FFC8004C2244 /* BeLessThanOrEqualTo.swift */; };
		9499BD832923009B004C2244 /* BeGreaterThan.swift in Sources */ = {isa = PBXBuildFile; fileRef = 9499BD822923009B004C2244 /* BeGreaterThan.swift */; };
		9499BD852923440B004C2244 /* BeGreaterThanOrEqualTo.swift in Sources */ = {isa = PBXBuildFile; fileRef = 9499BD842923440B004C2244 /* BeGreaterThanOrEqualTo.swift */; };
		94BCA9AE2B7FD3A100F0BE4E /* SpecBundle.swift in Sources */ = {isa = PBXBuildFile; fileRef = 94BCA9AD2B7FD3A100F0BE4E /* SpecBundle.swift */; };
		94CFFAC72926C7BC00D0C0FF /* Contain.swift in Sources */ = {isa = PBXBuildFile; fileRef = 94CFFAC62926C7BC00D0C0FF /* Contain.swift */; };
		94CFFACA292747AB00D0C0FF /* ContainSpec.swift in Sources */ = {isa = PBXBuildFile; fileRef = 94CFFAC8292744BF00D0C0FF /* ContainSpec.swift */; };
		94CFFACC292ADD0600D0C0FF /* HaveMaxValueOf.swift in Sources */ = {isa = PBXBuildFile; fileRef = 94CFFACB292ADD0600D0C0FF /* HaveMaxValueOf.swift */; };
		94CFFACF292ADFB500D0C0FF /* HaveMaxValueOfSpec.swift in Sources */ = {isa = PBXBuildFile; fileRef = 94CFFACD292ADF9400D0C0FF /* HaveMaxValueOfSpec.swift */; };
		94CFFAD2292AE2AF00D0C0FF /* HaveMinValueOfSpec.swift in Sources */ = {isa = PBXBuildFile; fileRef = 94CFFAD0292AE2A800D0C0FF /* HaveMinValueOfSpec.swift */; };
		94CFFAD4292AE31B00D0C0FF /* HaveMinValueOf.swift in Sources */ = {isa = PBXBuildFile; fileRef = 94CFFAD3292AE31B00D0C0FF /* HaveMinValueOf.swift */; };
		94F1DE88291E054900411CCB /* Moocher.h in Headers */ = {isa = PBXBuildFile; fileRef = 94F1DE87291E054900411CCB /* Moocher.h */; settings = {ATTRIBUTES = (Public, ); }; };
		94F1DE98291E071900411CCB /* Moocher.framework in Frameworks */ = {isa = PBXBuildFile; fileRef = 94F1DE84291E054900411CCB /* Moocher.framework */; };
		94F1DEA1291E091100411CCB /* Expect.swift in Sources */ = {isa = PBXBuildFile; fileRef = 94F1DEA0291E091100411CCB /* Expect.swift */; };
		94F1DEA5291E09AD00411CCB /* XCTest.framework in Frameworks */ = {isa = PBXBuildFile; fileRef = 94F1DEA4291E09AD00411CCB /* XCTest.framework */; platformFilter = ios; };
		94F1DEA7291E09CA00411CCB /* MatcherEngine.swift in Sources */ = {isa = PBXBuildFile; fileRef = 94F1DEA6291E09CA00411CCB /* MatcherEngine.swift */; };
		94F1DEAF29234AF600411CCB /* ThrowError.swift in Sources */ = {isa = PBXBuildFile; fileRef = 94F1DEAE29234AF600411CCB /* ThrowError.swift */; };
		94F1DEB1292350DB00411CCB /* BeEmpty.swift in Sources */ = {isa = PBXBuildFile; fileRef = 94F1DEB0292350DB00411CCB /* BeEmpty.swift */; };
		94F1DEB32924056000411CCB /* NilMatcherEngine.swift in Sources */ = {isa = PBXBuildFile; fileRef = 94F1DEB22924056000411CCB /* NilMatcherEngine.swift */; };
		94F1DEB5292405A300411CCB /* ActualValue.swift in Sources */ = {isa = PBXBuildFile; fileRef = 94F1DEB4292405A300411CCB /* ActualValue.swift */; };
		94F1DEB82924488000411CCB /* BeNilSpec.swift in Sources */ = {isa = PBXBuildFile; fileRef = 94F1DEB72924488000411CCB /* BeNilSpec.swift */; };
		94F1DEBA2924490D00411CCB /* BeEmptySpec.swift in Sources */ = {isa = PBXBuildFile; fileRef = 94F1DEB92924490D00411CCB /* BeEmptySpec.swift */; };
		94F1DEBC29248B9C00411CCB /* BeFalsySpec.swift in Sources */ = {isa = PBXBuildFile; fileRef = 94F1DEBB29248B9C00411CCB /* BeFalsySpec.swift */; };
		94F1DEBE29248CA200411CCB /* BeGreaterThanSpec.swift in Sources */ = {isa = PBXBuildFile; fileRef = 94F1DEBD29248CA200411CCB /* BeGreaterThanSpec.swift */; };
		94F1DEC029248F0400411CCB /* BeGreaterThanOrEqualSpec.swift in Sources */ = {isa = PBXBuildFile; fileRef = 94F1DEBF29248F0400411CCB /* BeGreaterThanOrEqualSpec.swift */; };
		94F1DEC2292492E900411CCB /* BeInstanceOfSpec.swift in Sources */ = {isa = PBXBuildFile; fileRef = 94F1DEC1292492E900411CCB /* BeInstanceOfSpec.swift */; };
		94F1DEC42924964300411CCB /* BeKindOfSpec.swift in Sources */ = {isa = PBXBuildFile; fileRef = 94F1DEC32924964300411CCB /* BeKindOfSpec.swift */; };
		94F1DEC62924976F00411CCB /* BeLessThanSpec.swift in Sources */ = {isa = PBXBuildFile; fileRef = 94F1DEC52924976F00411CCB /* BeLessThanSpec.swift */; };
		94F1DEC829253E0200411CCB /* BeLessThanOrEqualToSpec.swift in Sources */ = {isa = PBXBuildFile; fileRef = 94F1DEC729253E0200411CCB /* BeLessThanOrEqualToSpec.swift */; };
		94F1DECB29253EF400411CCB /* BeTruthySpec.swift in Sources */ = {isa = PBXBuildFile; fileRef = 94F1DECA29253EF400411CCB /* BeTruthySpec.swift */; };
		94F1DECD29253F8100411CCB /* ConformToSpec.swift in Sources */ = {isa = PBXBuildFile; fileRef = 94F1DECC29253F8100411CCB /* ConformToSpec.swift */; };
		94F1DECF2925403500411CCB /* EqualSpec.swift in Sources */ = {isa = PBXBuildFile; fileRef = 94F1DECE2925403500411CCB /* EqualSpec.swift */; };
		94F1DED1292540CB00411CCB /* ThrowErrorSpec.swift in Sources */ = {isa = PBXBuildFile; fileRef = 94F1DED0292540CB00411CCB /* ThrowErrorSpec.swift */; };
		94F91F6F292A7C23005B0D76 /* CompoundEngine.swift in Sources */ = {isa = PBXBuildFile; fileRef = 94F91F6E292A7C23005B0D76 /* CompoundEngine.swift */; };
		94F91F71292A9E52005B0D76 /* HaveSizeOf.swift in Sources */ = {isa = PBXBuildFile; fileRef = 94F91F70292A9E52005B0D76 /* HaveSizeOf.swift */; };
		94F91F74292A9FE4005B0D76 /* HaveSizeOfSpec.swift in Sources */ = {isa = PBXBuildFile; fileRef = 94F91F72292A9FBC005B0D76 /* HaveSizeOfSpec.swift */; };
		94F91F7D292BC650005B0D76 /* MoocherPolling.h in Headers */ = {isa = PBXBuildFile; fileRef = 94F91F7C292BC650005B0D76 /* MoocherPolling.h */; settings = {ATTRIBUTES = (Public, ); }; };
		94F91F83292BC790005B0D76 /* Moocher.framework in Embed Frameworks */ = {isa = PBXBuildFile; fileRef = 94F1DE84291E054900411CCB /* Moocher.framework */; settings = {ATTRIBUTES = (CodeSignOnCopy, RemoveHeadersOnCopy, ); }; };
		94F91F87292BC79D005B0D76 /* XCTest.framework in Frameworks */ = {isa = PBXBuildFile; fileRef = 94F1DEA4291E09AD00411CCB /* XCTest.framework */; platformFilter = ios; };
		94F91F88292BC79D005B0D76 /* XCTest.framework in Embed Frameworks */ = {isa = PBXBuildFile; fileRef = 94F1DEA4291E09AD00411CCB /* XCTest.framework */; platformFilter = ios; settings = {ATTRIBUTES = (CodeSignOnCopy, RemoveHeadersOnCopy, ); }; };
		94F91F8B292BC86B005B0D76 /* HangOn.swift in Sources */ = {isa = PBXBuildFile; fileRef = 94F91F8A292BC86B005B0D76 /* HangOn.swift */; };
		94F91F93292D9945005B0D76 /* PollingExpect.swift in Sources */ = {isa = PBXBuildFile; fileRef = 94F91F92292D9945005B0D76 /* PollingExpect.swift */; };
		94FBA5F3292EDA1300C9742D /* PollingActualValue.swift in Sources */ = {isa = PBXBuildFile; fileRef = 94FBA5F2292EDA1300C9742D /* PollingActualValue.swift */; };
/* End PBXBuildFile section */

/* Begin PBXContainerItemProxy section */
		94386898292FEC1100D079A9 /* PBXContainerItemProxy */ = {
			isa = PBXContainerItemProxy;
			containerPortal = 94F1DE7B291E054900411CCB /* Project object */;
			proxyType = 1;
			remoteGlobalIDString = 94F1DE83291E054900411CCB;
			remoteInfo = Moocher;
		};
		94F1DE99291E071900411CCB /* PBXContainerItemProxy */ = {
			isa = PBXContainerItemProxy;
			containerPortal = 94F1DE7B291E054900411CCB /* Project object */;
			proxyType = 1;
			remoteGlobalIDString = 94F1DE83291E054900411CCB;
			remoteInfo = Moocher;
		};
		94F91F84292BC790005B0D76 /* PBXContainerItemProxy */ = {
			isa = PBXContainerItemProxy;
			containerPortal = 94F1DE7B291E054900411CCB /* Project object */;
			proxyType = 1;
			remoteGlobalIDString = 94F1DE83291E054900411CCB;
			remoteInfo = Moocher;
		};
/* End PBXContainerItemProxy section */

/* Begin PBXCopyFilesBuildPhase section */
		94F91F86292BC790005B0D76 /* Embed Frameworks */ = {
			isa = PBXCopyFilesBuildPhase;
			buildActionMask = 2147483647;
			dstPath = "";
			dstSubfolderSpec = 10;
			files = (
				94F91F83292BC790005B0D76 /* Moocher.framework in Embed Frameworks */,
				94F91F88292BC79D005B0D76 /* XCTest.framework in Embed Frameworks */,
			);
			name = "Embed Frameworks";
			runOnlyForDeploymentPostprocessing = 0;
		};
/* End PBXCopyFilesBuildPhase section */

/* Begin PBXFileReference section */
		00BC454C19C33986ED647BA1 /* Pods-Moocher.debug.xcconfig */ = {isa = PBXFileReference; includeInIndex = 1; lastKnownFileType = text.xcconfig; name = "Pods-Moocher.debug.xcconfig"; path = "Target Support Files/Pods-Moocher/Pods-Moocher.debug.xcconfig"; sourceTree = "<group>"; };
		42F27F2A90B81EC40BEE8787 /* libPods-MoocherPolling.a */ = {isa = PBXFileReference; explicitFileType = archive.ar; includeInIndex = 0; path = "libPods-MoocherPolling.a"; sourceTree = BUILT_PRODUCTS_DIR; };
		57158842E9BCE7892E49748A /* Pods-Moocher.release.xcconfig */ = {isa = PBXFileReference; includeInIndex = 1; lastKnownFileType = text.xcconfig; name = "Pods-Moocher.release.xcconfig"; path = "Target Support Files/Pods-Moocher/Pods-Moocher.release.xcconfig"; sourceTree = "<group>"; };
		9417CFC629310A0500295A0E /* README.md */ = {isa = PBXFileReference; lastKnownFileType = net.daringfireball.markdown; path = README.md; sourceTree = "<group>"; };
		9438688D292FE3EE00D079A9 /* PollingContain.swift */ = {isa = PBXFileReference; lastKnownFileType = sourcecode.swift; path = PollingContain.swift; sourceTree = "<group>"; };
		94386893292FEC1100D079A9 /* MoocherPollingSpecs.xctest */ = {isa = PBXFileReference; explicitFileType = wrapper.cfbundle; includeInIndex = 0; path = MoocherPollingSpecs.xctest; sourceTree = BUILT_PRODUCTS_DIR; };
		9438689F292FEE8500D079A9 /* Moocher.podspec */ = {isa = PBXFileReference; fileEncoding = 4; lastKnownFileType = text; path = Moocher.podspec; sourceTree = "<group>"; xcLanguageSpecificationIdentifier = xcode.lang.ruby; };
		944570262935B399009D9202 /* AnyActualValue.swift */ = {isa = PBXFileReference; lastKnownFileType = sourcecode.swift; path = AnyActualValue.swift; sourceTree = "<group>"; };
		9445702E2937992D009D9202 /* PollingBeNilSpec.swift */ = {isa = PBXFileReference; lastKnownFileType = sourcecode.swift; path = PollingBeNilSpec.swift; sourceTree = "<group>"; };
		944570302937ABDD009D9202 /* LongRunningTaskSimulator.swift */ = {isa = PBXFileReference; lastKnownFileType = sourcecode.swift; path = LongRunningTaskSimulator.swift; sourceTree = "<group>"; };
		944570322937F2F9009D9202 /* PollingContainSpec.swift */ = {isa = PBXFileReference; lastKnownFileType = sourcecode.swift; path = PollingContainSpec.swift; sourceTree = "<group>"; };
		9445703429386577009D9202 /* PollingEqualSpec.swift */ = {isa = PBXFileReference; lastKnownFileType = sourcecode.swift; path = PollingEqualSpec.swift; sourceTree = "<group>"; };
		945E8442292DE969000339B8 /* Time.swift */ = {isa = PBXFileReference; lastKnownFileType = sourcecode.swift; path = Time.swift; sourceTree = "<group>"; };
		945E8448292F1843000339B8 /* Waiter.swift */ = {isa = PBXFileReference; lastKnownFileType = sourcecode.swift; path = Waiter.swift; sourceTree = "<group>"; };
		945E844B292F2048000339B8 /* PollingBeNil.swift */ = {isa = PBXFileReference; lastKnownFileType = sourcecode.swift; path = PollingBeNil.swift; sourceTree = "<group>"; };
		945E844D292F2346000339B8 /* PollingEqual.swift */ = {isa = PBXFileReference; lastKnownFileType = sourcecode.swift; path = PollingEqual.swift; sourceTree = "<group>"; };
		9471F4E62B76E2BF0065CD44 /* MIT-LICENSE.txt */ = {isa = PBXFileReference; lastKnownFileType = text; path = "MIT-LICENSE.txt"; sourceTree = SOURCE_ROOT; };
		9471F4E82B76E5620065CD44 /* Fastfile */ = {isa = PBXFileReference; lastKnownFileType = text; name = Fastfile; path = fastlane/Fastfile; sourceTree = "<group>"; };
		9471F4EA2B76E75D0065CD44 /* SpecHelpers.swift */ = {isa = PBXFileReference; lastKnownFileType = sourcecode.swift; path = SpecHelpers.swift; sourceTree = "<group>"; };
		9471F4F92B7B181E0065CD44 /* SpecWrapper.swift */ = {isa = PBXFileReference; lastKnownFileType = sourcecode.swift; path = SpecWrapper.swift; sourceTree = "<group>"; };
		9471F4FB2B7B184F0065CD44 /* Atomic.swift */ = {isa = PBXFileReference; lastKnownFileType = sourcecode.swift; path = Atomic.swift; sourceTree = "<group>"; };
		9471F5042B7C5B8E0065CD44 /* PollingBeTruthy.swift */ = {isa = PBXFileReference; lastKnownFileType = sourcecode.swift; path = PollingBeTruthy.swift; sourceTree = "<group>"; };
		9471F5072B7C5F7D0065CD44 /* PollingBeFalsy.swift */ = {isa = PBXFileReference; lastKnownFileType = sourcecode.swift; path = PollingBeFalsy.swift; sourceTree = "<group>"; };
		9471F50A2B7C61600065CD44 /* PollingBeTruthySpec.swift */ = {isa = PBXFileReference; lastKnownFileType = sourcecode.swift; path = PollingBeTruthySpec.swift; sourceTree = "<group>"; };
		9471F50C2B7C61700065CD44 /* PollingBeFalsySpec.swift */ = {isa = PBXFileReference; lastKnownFileType = sourcecode.swift; path = PollingBeFalsySpec.swift; sourceTree = "<group>"; };
		9491131829284C5900B60941 /* StartWith.swift */ = {isa = PBXFileReference; lastKnownFileType = sourcecode.swift; path = StartWith.swift; sourceTree = "<group>"; };
		9491131A29284E6600B60941 /* StartWithSpec.swift */ = {isa = PBXFileReference; lastKnownFileType = sourcecode.swift; path = StartWithSpec.swift; sourceTree = "<group>"; };
		9491131D2928502600B60941 /* EndWith.swift */ = {isa = PBXFileReference; lastKnownFileType = sourcecode.swift; path = EndWith.swift; sourceTree = "<group>"; };
		9491131F2929287A00B60941 /* EndWithSpec.swift */ = {isa = PBXFileReference; lastKnownFileType = sourcecode.swift; path = EndWithSpec.swift; sourceTree = "<group>"; };
		9499BD5F291EA859004C2244 /* Package.swift */ = {isa = PBXFileReference; fileEncoding = 4; lastKnownFileType = sourcecode.swift; path = Package.swift; sourceTree = "<group>"; };
		9499BD63291EBA00004C2244 /* Dog.swift */ = {isa = PBXFileReference; lastKnownFileType = sourcecode.swift; path = Dog.swift; sourceTree = "<group>"; };
		9499BD66291EC210004C2244 /* Fish.swift */ = {isa = PBXFileReference; lastKnownFileType = sourcecode.swift; path = Fish.swift; sourceTree = "<group>"; };
		9499BD69291ECD42004C2244 /* GrizzlyBear.swift */ = {isa = PBXFileReference; lastKnownFileType = sourcecode.swift; path = GrizzlyBear.swift; sourceTree = "<group>"; };
		9499BD6B291F1E9E004C2244 /* BJJBelt.swift */ = {isa = PBXFileReference; lastKnownFileType = sourcecode.swift; path = BJJBelt.swift; sourceTree = "<group>"; };
		9499BD6E2922EF02004C2244 /* BeNil.swift */ = {isa = PBXFileReference; lastKnownFileType = sourcecode.swift; path = BeNil.swift; sourceTree = "<group>"; };
		9499BD712922F075004C2244 /* BeInstanceOf.swift */ = {isa = PBXFileReference; lastKnownFileType = sourcecode.swift; path = BeInstanceOf.swift; sourceTree = "<group>"; };
		9499BD742922F1E9004C2244 /* BeKindOf.swift */ = {isa = PBXFileReference; lastKnownFileType = sourcecode.swift; path = BeKindOf.swift; sourceTree = "<group>"; };
		9499BD762922F3A4004C2244 /* ConformTo.swift */ = {isa = PBXFileReference; lastKnownFileType = sourcecode.swift; path = ConformTo.swift; sourceTree = "<group>"; };
		9499BD782922F4DF004C2244 /* Equal.swift */ = {isa = PBXFileReference; lastKnownFileType = sourcecode.swift; path = Equal.swift; sourceTree = "<group>"; };
		9499BD7A2922FCF1004C2244 /* BeTruthy.swift */ = {isa = PBXFileReference; lastKnownFileType = sourcecode.swift; path = BeTruthy.swift; sourceTree = "<group>"; };
		9499BD7C2922FD64004C2244 /* BeFalsy.swift */ = {isa = PBXFileReference; lastKnownFileType = sourcecode.swift; path = BeFalsy.swift; sourceTree = "<group>"; };
		9499BD7E2922FECC004C2244 /* BeLessThan.swift */ = {isa = PBXFileReference; lastKnownFileType = sourcecode.swift; path = BeLessThan.swift; sourceTree = "<group>"; };
		9499BD802922FFC8004C2244 /* BeLessThanOrEqualTo.swift */ = {isa = PBXFileReference; lastKnownFileType = sourcecode.swift; path = BeLessThanOrEqualTo.swift; sourceTree = "<group>"; };
		9499BD822923009B004C2244 /* BeGreaterThan.swift */ = {isa = PBXFileReference; lastKnownFileType = sourcecode.swift; path = BeGreaterThan.swift; sourceTree = "<group>"; };
		9499BD842923440B004C2244 /* BeGreaterThanOrEqualTo.swift */ = {isa = PBXFileReference; lastKnownFileType = sourcecode.swift; path = BeGreaterThanOrEqualTo.swift; sourceTree = "<group>"; };
		94BCA9AD2B7FD3A100F0BE4E /* SpecBundle.swift */ = {isa = PBXFileReference; lastKnownFileType = sourcecode.swift; path = SpecBundle.swift; sourceTree = "<group>"; };
		94CFFAC62926C7BC00D0C0FF /* Contain.swift */ = {isa = PBXFileReference; lastKnownFileType = sourcecode.swift; path = Contain.swift; sourceTree = "<group>"; };
		94CFFAC8292744BF00D0C0FF /* ContainSpec.swift */ = {isa = PBXFileReference; lastKnownFileType = sourcecode.swift; path = ContainSpec.swift; sourceTree = "<group>"; };
		94CFFACB292ADD0600D0C0FF /* HaveMaxValueOf.swift */ = {isa = PBXFileReference; lastKnownFileType = sourcecode.swift; path = HaveMaxValueOf.swift; sourceTree = "<group>"; };
		94CFFACD292ADF9400D0C0FF /* HaveMaxValueOfSpec.swift */ = {isa = PBXFileReference; lastKnownFileType = sourcecode.swift; path = HaveMaxValueOfSpec.swift; sourceTree = "<group>"; };
		94CFFAD0292AE2A800D0C0FF /* HaveMinValueOfSpec.swift */ = {isa = PBXFileReference; lastKnownFileType = sourcecode.swift; path = HaveMinValueOfSpec.swift; sourceTree = "<group>"; };
		94CFFAD3292AE31B00D0C0FF /* HaveMinValueOf.swift */ = {isa = PBXFileReference; lastKnownFileType = sourcecode.swift; path = HaveMinValueOf.swift; sourceTree = "<group>"; };
		94ED33D8293104BB009B67B7 /* Gemfile */ = {isa = PBXFileReference; lastKnownFileType = text; path = Gemfile; sourceTree = "<group>"; };
		94ED33D9293104BB009B67B7 /* Podfile */ = {isa = PBXFileReference; lastKnownFileType = text; path = Podfile; sourceTree = "<group>"; };
		94ED33DA29310511009B67B7 /* .swiftlint.yml */ = {isa = PBXFileReference; lastKnownFileType = text.yaml; path = .swiftlint.yml; sourceTree = "<group>"; };
		94F1DE84291E054900411CCB /* Moocher.framework */ = {isa = PBXFileReference; explicitFileType = wrapper.framework; includeInIndex = 0; path = Moocher.framework; sourceTree = BUILT_PRODUCTS_DIR; };
		94F1DE87291E054900411CCB /* Moocher.h */ = {isa = PBXFileReference; lastKnownFileType = sourcecode.c.h; path = Moocher.h; sourceTree = "<group>"; };
		94F1DE94291E071900411CCB /* MoocherSpecs.xctest */ = {isa = PBXFileReference; explicitFileType = wrapper.cfbundle; includeInIndex = 0; path = MoocherSpecs.xctest; sourceTree = BUILT_PRODUCTS_DIR; };
		94F1DEA0291E091100411CCB /* Expect.swift */ = {isa = PBXFileReference; lastKnownFileType = sourcecode.swift; path = Expect.swift; sourceTree = "<group>"; };
		94F1DEA4291E09AD00411CCB /* XCTest.framework */ = {isa = PBXFileReference; lastKnownFileType = wrapper.framework; name = XCTest.framework; path = Platforms/iPhoneOS.platform/Developer/Library/Frameworks/XCTest.framework; sourceTree = DEVELOPER_DIR; };
		94F1DEA6291E09CA00411CCB /* MatcherEngine.swift */ = {isa = PBXFileReference; lastKnownFileType = sourcecode.swift; path = MatcherEngine.swift; sourceTree = "<group>"; };
		94F1DEAE29234AF600411CCB /* ThrowError.swift */ = {isa = PBXFileReference; lastKnownFileType = sourcecode.swift; path = ThrowError.swift; sourceTree = "<group>"; };
		94F1DEB0292350DB00411CCB /* BeEmpty.swift */ = {isa = PBXFileReference; lastKnownFileType = sourcecode.swift; path = BeEmpty.swift; sourceTree = "<group>"; };
		94F1DEB22924056000411CCB /* NilMatcherEngine.swift */ = {isa = PBXFileReference; lastKnownFileType = sourcecode.swift; path = NilMatcherEngine.swift; sourceTree = "<group>"; };
		94F1DEB4292405A300411CCB /* ActualValue.swift */ = {isa = PBXFileReference; lastKnownFileType = sourcecode.swift; path = ActualValue.swift; sourceTree = "<group>"; };
		94F1DEB72924488000411CCB /* BeNilSpec.swift */ = {isa = PBXFileReference; lastKnownFileType = sourcecode.swift; path = BeNilSpec.swift; sourceTree = "<group>"; };
		94F1DEB92924490D00411CCB /* BeEmptySpec.swift */ = {isa = PBXFileReference; lastKnownFileType = sourcecode.swift; path = BeEmptySpec.swift; sourceTree = "<group>"; };
		94F1DEBB29248B9C00411CCB /* BeFalsySpec.swift */ = {isa = PBXFileReference; lastKnownFileType = sourcecode.swift; path = BeFalsySpec.swift; sourceTree = "<group>"; };
		94F1DEBD29248CA200411CCB /* BeGreaterThanSpec.swift */ = {isa = PBXFileReference; lastKnownFileType = sourcecode.swift; path = BeGreaterThanSpec.swift; sourceTree = "<group>"; };
		94F1DEBF29248F0400411CCB /* BeGreaterThanOrEqualSpec.swift */ = {isa = PBXFileReference; lastKnownFileType = sourcecode.swift; path = BeGreaterThanOrEqualSpec.swift; sourceTree = "<group>"; };
		94F1DEC1292492E900411CCB /* BeInstanceOfSpec.swift */ = {isa = PBXFileReference; lastKnownFileType = sourcecode.swift; path = BeInstanceOfSpec.swift; sourceTree = "<group>"; };
		94F1DEC32924964300411CCB /* BeKindOfSpec.swift */ = {isa = PBXFileReference; lastKnownFileType = sourcecode.swift; path = BeKindOfSpec.swift; sourceTree = "<group>"; };
		94F1DEC52924976F00411CCB /* BeLessThanSpec.swift */ = {isa = PBXFileReference; lastKnownFileType = sourcecode.swift; path = BeLessThanSpec.swift; sourceTree = "<group>"; };
		94F1DEC729253E0200411CCB /* BeLessThanOrEqualToSpec.swift */ = {isa = PBXFileReference; lastKnownFileType = sourcecode.swift; path = BeLessThanOrEqualToSpec.swift; sourceTree = "<group>"; };
		94F1DECA29253EF400411CCB /* BeTruthySpec.swift */ = {isa = PBXFileReference; lastKnownFileType = sourcecode.swift; path = BeTruthySpec.swift; sourceTree = "<group>"; };
		94F1DECC29253F8100411CCB /* ConformToSpec.swift */ = {isa = PBXFileReference; lastKnownFileType = sourcecode.swift; path = ConformToSpec.swift; sourceTree = "<group>"; };
		94F1DECE2925403500411CCB /* EqualSpec.swift */ = {isa = PBXFileReference; lastKnownFileType = sourcecode.swift; path = EqualSpec.swift; sourceTree = "<group>"; };
		94F1DED0292540CB00411CCB /* ThrowErrorSpec.swift */ = {isa = PBXFileReference; lastKnownFileType = sourcecode.swift; path = ThrowErrorSpec.swift; sourceTree = "<group>"; };
		94F91F6E292A7C23005B0D76 /* CompoundEngine.swift */ = {isa = PBXFileReference; lastKnownFileType = sourcecode.swift; path = CompoundEngine.swift; sourceTree = "<group>"; };
		94F91F70292A9E52005B0D76 /* HaveSizeOf.swift */ = {isa = PBXFileReference; lastKnownFileType = sourcecode.swift; path = HaveSizeOf.swift; sourceTree = "<group>"; };
		94F91F72292A9FBC005B0D76 /* HaveSizeOfSpec.swift */ = {isa = PBXFileReference; lastKnownFileType = sourcecode.swift; path = HaveSizeOfSpec.swift; sourceTree = "<group>"; };
		94F91F7A292BC650005B0D76 /* MoocherPolling.framework */ = {isa = PBXFileReference; explicitFileType = wrapper.framework; includeInIndex = 0; path = MoocherPolling.framework; sourceTree = BUILT_PRODUCTS_DIR; };
		94F91F7C292BC650005B0D76 /* MoocherPolling.h */ = {isa = PBXFileReference; lastKnownFileType = sourcecode.c.h; path = MoocherPolling.h; sourceTree = "<group>"; };
		94F91F8A292BC86B005B0D76 /* HangOn.swift */ = {isa = PBXFileReference; lastKnownFileType = sourcecode.swift; path = HangOn.swift; sourceTree = "<group>"; };
		94F91F8F292BCA27005B0D76 /* HangOnSpec.swift */ = {isa = PBXFileReference; lastKnownFileType = sourcecode.swift; path = HangOnSpec.swift; sourceTree = "<group>"; };
		94F91F92292D9945005B0D76 /* PollingExpect.swift */ = {isa = PBXFileReference; lastKnownFileType = sourcecode.swift; path = PollingExpect.swift; sourceTree = "<group>"; };
		94FBA5F2292EDA1300C9742D /* PollingActualValue.swift */ = {isa = PBXFileReference; lastKnownFileType = sourcecode.swift; path = PollingActualValue.swift; sourceTree = "<group>"; };
		94FBA5F4292EDA5300C9742D /* PollingMatcherEngine.swift */ = {isa = PBXFileReference; lastKnownFileType = sourcecode.swift; path = PollingMatcherEngine.swift; sourceTree = "<group>"; };
		AFEC73E480E3477D37857E7B /* libPods-Moocher.a */ = {isa = PBXFileReference; explicitFileType = archive.ar; includeInIndex = 0; path = "libPods-Moocher.a"; sourceTree = BUILT_PRODUCTS_DIR; };
		B88678D562CD7D2AB5126678 /* Pods-MoocherPolling.release.xcconfig */ = {isa = PBXFileReference; includeInIndex = 1; lastKnownFileType = text.xcconfig; name = "Pods-MoocherPolling.release.xcconfig"; path = "Target Support Files/Pods-MoocherPolling/Pods-MoocherPolling.release.xcconfig"; sourceTree = "<group>"; };
		F62AD5C86C122149444FDAA5 /* Pods-MoocherPolling.debug.xcconfig */ = {isa = PBXFileReference; includeInIndex = 1; lastKnownFileType = text.xcconfig; name = "Pods-MoocherPolling.debug.xcconfig"; path = "Target Support Files/Pods-MoocherPolling/Pods-MoocherPolling.debug.xcconfig"; sourceTree = "<group>"; };
/* End PBXFileReference section */

/* Begin PBXFrameworksBuildPhase section */
		94386890292FEC1100D079A9 /* Frameworks */ = {
			isa = PBXFrameworksBuildPhase;
			buildActionMask = 2147483647;
			files = (
				94386897292FEC1100D079A9 /* Moocher.framework in Frameworks */,
			);
			runOnlyForDeploymentPostprocessing = 0;
		};
		94F1DE81291E054900411CCB /* Frameworks */ = {
			isa = PBXFrameworksBuildPhase;
			buildActionMask = 2147483647;
			files = (
				94F1DEA5291E09AD00411CCB /* XCTest.framework in Frameworks */,
				3EB8EBAD3FE1F8D1D0784F9A /* libPods-Moocher.a in Frameworks */,
			);
			runOnlyForDeploymentPostprocessing = 0;
		};
		94F1DE91291E071900411CCB /* Frameworks */ = {
			isa = PBXFrameworksBuildPhase;
			buildActionMask = 2147483647;
			files = (
				94F1DE98291E071900411CCB /* Moocher.framework in Frameworks */,
			);
			runOnlyForDeploymentPostprocessing = 0;
		};
		94F91F77292BC650005B0D76 /* Frameworks */ = {
			isa = PBXFrameworksBuildPhase;
			buildActionMask = 2147483647;
			files = (
				94F91F87292BC79D005B0D76 /* XCTest.framework in Frameworks */,
				1B44A05A4C1AE75F8D13AB7C /* libPods-MoocherPolling.a in Frameworks */,
			);
			runOnlyForDeploymentPostprocessing = 0;
		};
/* End PBXFrameworksBuildPhase section */

/* Begin PBXGroup section */
		8835B4E8EF8059212D19ECD0 /* Pods */ = {
			isa = PBXGroup;
			children = (
				00BC454C19C33986ED647BA1 /* Pods-Moocher.debug.xcconfig */,
				57158842E9BCE7892E49748A /* Pods-Moocher.release.xcconfig */,
				F62AD5C86C122149444FDAA5 /* Pods-MoocherPolling.debug.xcconfig */,
				B88678D562CD7D2AB5126678 /* Pods-MoocherPolling.release.xcconfig */,
			);
			path = Pods;
			sourceTree = "<group>";
		};
		94386894292FEC1100D079A9 /* MoocherPollingSpecs */ = {
			isa = PBXGroup;
			children = (
				9445702D29379911009D9202 /* Matchers */,
				94F91F8F292BCA27005B0D76 /* HangOnSpec.swift */,
			);
			path = MoocherPollingSpecs;
			sourceTree = "<group>";
		};
		9445702D29379911009D9202 /* Matchers */ = {
			isa = PBXGroup;
			children = (
				9471F50C2B7C61700065CD44 /* PollingBeFalsySpec.swift */,
				9445702E2937992D009D9202 /* PollingBeNilSpec.swift */,
				9471F50A2B7C61600065CD44 /* PollingBeTruthySpec.swift */,
				944570322937F2F9009D9202 /* PollingContainSpec.swift */,
				9445703429386577009D9202 /* PollingEqualSpec.swift */,
			);
			path = Matchers;
			sourceTree = "<group>";
		};
		945E8447292F1833000339B8 /* Utils */ = {
			isa = PBXGroup;
			children = (
				944570302937ABDD009D9202 /* LongRunningTaskSimulator.swift */,
				945E8442292DE969000339B8 /* Time.swift */,
				945E8448292F1843000339B8 /* Waiter.swift */,
			);
			path = Utils;
			sourceTree = "<group>";
		};
		945E844A292F203C000339B8 /* Matchers */ = {
			isa = PBXGroup;
			children = (
				9471F5072B7C5F7D0065CD44 /* PollingBeFalsy.swift */,
				945E844B292F2048000339B8 /* PollingBeNil.swift */,
				9471F5042B7C5B8E0065CD44 /* PollingBeTruthy.swift */,
				9438688D292FE3EE00D079A9 /* PollingContain.swift */,
				945E844D292F2346000339B8 /* PollingEqual.swift */,
			);
			path = Matchers;
			sourceTree = "<group>";
		};
		9471F4E72B76E5080065CD44 /* Additional Files */ = {
			isa = PBXGroup;
			children = (
				94ED33DA29310511009B67B7 /* .swiftlint.yml */,
				9471F4E82B76E5620065CD44 /* Fastfile */,
				94ED33D8293104BB009B67B7 /* Gemfile */,
				9471F4E62B76E2BF0065CD44 /* MIT-LICENSE.txt */,
				9438689F292FEE8500D079A9 /* Moocher.podspec */,
				9499BD5F291EA859004C2244 /* Package.swift */,
				94ED33D9293104BB009B67B7 /* Podfile */,
				9417CFC629310A0500295A0E /* README.md */,
			);
			name = "Additional Files";
			sourceTree = "<group>";
		};
		9471F4E92B76E7470065CD44 /* Extras */ = {
			isa = PBXGroup;
			children = (
				9471F4FB2B7B184F0065CD44 /* Atomic.swift */,
				94BCA9AD2B7FD3A100F0BE4E /* SpecBundle.swift */,
				9471F4EA2B76E75D0065CD44 /* SpecHelpers.swift */,
				9471F4F92B7B181E0065CD44 /* SpecWrapper.swift */,
			);
			path = Extras;
			sourceTree = "<group>";
		};
		9499BD5B291EA84A004C2244 /* Tests */ = {
			isa = PBXGroup;
			children = (
				9499BD5C291EA84A004C2244 /* MoocherSpecs */,
				94386894292FEC1100D079A9 /* MoocherPollingSpecs */,
			);
			path = Tests;
			sourceTree = "<group>";
		};
		9499BD5C291EA84A004C2244 /* MoocherSpecs */ = {
			isa = PBXGroup;
			children = (
				9499BD62291EB9E7004C2244 /* Filez */,
				94F91F8C292BCA01005B0D76 /* Moocher */,
			);
			path = MoocherSpecs;
			sourceTree = "<group>";
		};
		9499BD62291EB9E7004C2244 /* Filez */ = {
			isa = PBXGroup;
			children = (
				9499BD6B291F1E9E004C2244 /* BJJBelt.swift */,
				9499BD63291EBA00004C2244 /* Dog.swift */,
				9499BD66291EC210004C2244 /* Fish.swift */,
				9499BD69291ECD42004C2244 /* GrizzlyBear.swift */,
			);
			path = Filez;
			sourceTree = "<group>";
		};
		9499BD6D2922EEF3004C2244 /* Matchers */ = {
			isa = PBXGroup;
			children = (
				94F1DEB0292350DB00411CCB /* BeEmpty.swift */,
				9499BD7C2922FD64004C2244 /* BeFalsy.swift */,
				9499BD822923009B004C2244 /* BeGreaterThan.swift */,
				9499BD842923440B004C2244 /* BeGreaterThanOrEqualTo.swift */,
				9499BD712922F075004C2244 /* BeInstanceOf.swift */,
				9499BD742922F1E9004C2244 /* BeKindOf.swift */,
				9499BD7E2922FECC004C2244 /* BeLessThan.swift */,
				9499BD802922FFC8004C2244 /* BeLessThanOrEqualTo.swift */,
				9499BD6E2922EF02004C2244 /* BeNil.swift */,
				9499BD7A2922FCF1004C2244 /* BeTruthy.swift */,
				9499BD762922F3A4004C2244 /* ConformTo.swift */,
				94CFFAC62926C7BC00D0C0FF /* Contain.swift */,
				9491131D2928502600B60941 /* EndWith.swift */,
				9499BD782922F4DF004C2244 /* Equal.swift */,
				94CFFACB292ADD0600D0C0FF /* HaveMaxValueOf.swift */,
				94CFFAD3292AE31B00D0C0FF /* HaveMinValueOf.swift */,
				94F91F70292A9E52005B0D76 /* HaveSizeOf.swift */,
				9491131829284C5900B60941 /* StartWith.swift */,
				94F1DEAE29234AF600411CCB /* ThrowError.swift */,
			);
			path = Matchers;
			sourceTree = "<group>";
		};
		94ED33D52931045C009B67B7 /* MoocherPolling */ = {
			isa = PBXGroup;
			children = (
				94F91F7C292BC650005B0D76 /* MoocherPolling.h */,
			);
			path = MoocherPolling;
			sourceTree = "<group>";
		};
		94F1DE7A291E054900411CCB = {
			isa = PBXGroup;
			children = (
				94F1DE8F291E067900411CCB /* Moocher */,
				94ED33D52931045C009B67B7 /* MoocherPolling */,
				94F1DE8E291E05D200411CCB /* Sources */,
				9499BD5B291EA84A004C2244 /* Tests */,
				9471F4E72B76E5080065CD44 /* Additional Files */,
				94F1DE85291E054900411CCB /* Products */,
				94F1DEA3291E09AD00411CCB /* Frameworks */,
				8835B4E8EF8059212D19ECD0 /* Pods */,
			);
			sourceTree = "<group>";
		};
		94F1DE85291E054900411CCB /* Products */ = {
			isa = PBXGroup;
			children = (
				94F1DE84291E054900411CCB /* Moocher.framework */,
				94F1DE94291E071900411CCB /* MoocherSpecs.xctest */,
				94F91F7A292BC650005B0D76 /* MoocherPolling.framework */,
				94386893292FEC1100D079A9 /* MoocherPollingSpecs.xctest */,
			);
			name = Products;
			sourceTree = "<group>";
		};
		94F1DE86291E054900411CCB /* Moocher */ = {
			isa = PBXGroup;
			children = (
				9471F4E92B76E7470065CD44 /* Extras */,
				9499BD6D2922EEF3004C2244 /* Matchers */,
				94F1DEA0291E091100411CCB /* Expect.swift */,
				94F1DEB4292405A300411CCB /* ActualValue.swift */,
				944570262935B399009D9202 /* AnyActualValue.swift */,
				94F1DEA6291E09CA00411CCB /* MatcherEngine.swift */,
				94F1DEB22924056000411CCB /* NilMatcherEngine.swift */,
				94F91F6E292A7C23005B0D76 /* CompoundEngine.swift */,
			);
			path = Moocher;
			sourceTree = "<group>";
		};
		94F1DE8E291E05D200411CCB /* Sources */ = {
			isa = PBXGroup;
			children = (
				94F1DE86291E054900411CCB /* Moocher */,
				94F91F7B292BC650005B0D76 /* MoocherPolling */,
			);
			path = Sources;
			sourceTree = "<group>";
		};
		94F1DE8F291E067900411CCB /* Moocher */ = {
			isa = PBXGroup;
			children = (
				94F1DE87291E054900411CCB /* Moocher.h */,
			);
			path = Moocher;
			sourceTree = "<group>";
		};
		94F1DEA3291E09AD00411CCB /* Frameworks */ = {
			isa = PBXGroup;
			children = (
				94F1DEA4291E09AD00411CCB /* XCTest.framework */,
				AFEC73E480E3477D37857E7B /* libPods-Moocher.a */,
				42F27F2A90B81EC40BEE8787 /* libPods-MoocherPolling.a */,
			);
			name = Frameworks;
			sourceTree = "<group>";
		};
		94F1DEB62924487300411CCB /* Matchers */ = {
			isa = PBXGroup;
			children = (
				94F1DEB92924490D00411CCB /* BeEmptySpec.swift */,
				94F1DEBB29248B9C00411CCB /* BeFalsySpec.swift */,
				94F1DEBF29248F0400411CCB /* BeGreaterThanOrEqualSpec.swift */,
				94F1DEBD29248CA200411CCB /* BeGreaterThanSpec.swift */,
				94F1DEC1292492E900411CCB /* BeInstanceOfSpec.swift */,
				94F1DEC32924964300411CCB /* BeKindOfSpec.swift */,
				94F1DEC729253E0200411CCB /* BeLessThanOrEqualToSpec.swift */,
				94F1DEC52924976F00411CCB /* BeLessThanSpec.swift */,
				94F1DEB72924488000411CCB /* BeNilSpec.swift */,
				94F1DECA29253EF400411CCB /* BeTruthySpec.swift */,
				94F1DECC29253F8100411CCB /* ConformToSpec.swift */,
				94CFFAC8292744BF00D0C0FF /* ContainSpec.swift */,
				9491131F2929287A00B60941 /* EndWithSpec.swift */,
				94F1DECE2925403500411CCB /* EqualSpec.swift */,
				94CFFACD292ADF9400D0C0FF /* HaveMaxValueOfSpec.swift */,
				94CFFAD0292AE2A800D0C0FF /* HaveMinValueOfSpec.swift */,
				94F91F72292A9FBC005B0D76 /* HaveSizeOfSpec.swift */,
				9491131A29284E6600B60941 /* StartWithSpec.swift */,
				94F1DED0292540CB00411CCB /* ThrowErrorSpec.swift */,
			);
			path = Matchers;
			sourceTree = "<group>";
		};
		94F91F7B292BC650005B0D76 /* MoocherPolling */ = {
			isa = PBXGroup;
			children = (
				945E844A292F203C000339B8 /* Matchers */,
				945E8447292F1833000339B8 /* Utils */,
				94F91F8A292BC86B005B0D76 /* HangOn.swift */,
				94F91F92292D9945005B0D76 /* PollingExpect.swift */,
				94FBA5F2292EDA1300C9742D /* PollingActualValue.swift */,
				94FBA5F4292EDA5300C9742D /* PollingMatcherEngine.swift */,
			);
			path = MoocherPolling;
			sourceTree = "<group>";
		};
		94F91F8C292BCA01005B0D76 /* Moocher */ = {
			isa = PBXGroup;
			children = (
				94F1DEB62924487300411CCB /* Matchers */,
			);
			path = Moocher;
			sourceTree = "<group>";
		};
/* End PBXGroup section */

/* Begin PBXHeadersBuildPhase section */
		94F1DE7F291E054900411CCB /* Headers */ = {
			isa = PBXHeadersBuildPhase;
			buildActionMask = 2147483647;
			files = (
				94F1DE88291E054900411CCB /* Moocher.h in Headers */,
			);
			runOnlyForDeploymentPostprocessing = 0;
		};
		94F91F75292BC650005B0D76 /* Headers */ = {
			isa = PBXHeadersBuildPhase;
			buildActionMask = 2147483647;
			files = (
				94F91F7D292BC650005B0D76 /* MoocherPolling.h in Headers */,
			);
			runOnlyForDeploymentPostprocessing = 0;
		};
/* End PBXHeadersBuildPhase section */

/* Begin PBXNativeTarget section */
		94386892292FEC1100D079A9 /* MoocherPollingSpecs */ = {
			isa = PBXNativeTarget;
			buildConfigurationList = 9438689A292FEC1100D079A9 /* Build configuration list for PBXNativeTarget "MoocherPollingSpecs" */;
			buildPhases = (
				9438688F292FEC1100D079A9 /* Sources */,
				94386890292FEC1100D079A9 /* Frameworks */,
				94386891292FEC1100D079A9 /* Resources */,
			);
			buildRules = (
			);
			dependencies = (
				94386899292FEC1100D079A9 /* PBXTargetDependency */,
			);
			name = MoocherPollingSpecs;
			productName = MoocherPollingSpecs;
			productReference = 94386893292FEC1100D079A9 /* MoocherPollingSpecs.xctest */;
			productType = "com.apple.product-type.bundle.unit-test";
		};
		94F1DE83291E054900411CCB /* Moocher */ = {
			isa = PBXNativeTarget;
			buildConfigurationList = 94F1DE8B291E054900411CCB /* Build configuration list for PBXNativeTarget "Moocher" */;
			buildPhases = (
				959FAA3DE5C8480CE22AE059 /* [CP] Check Pods Manifest.lock */,
				94F1DE7F291E054900411CCB /* Headers */,
				94F1DE80291E054900411CCB /* Sources */,
				94F1DED22925DC3B00411CCB /* SwiftLint Run Script */,
				94F1DE81291E054900411CCB /* Frameworks */,
				94F1DE82291E054900411CCB /* Resources */,
			);
			buildRules = (
			);
			dependencies = (
			);
			name = Moocher;
			productName = Moocher;
			productReference = 94F1DE84291E054900411CCB /* Moocher.framework */;
			productType = "com.apple.product-type.framework";
		};
		94F1DE93291E071900411CCB /* MoocherSpecs */ = {
			isa = PBXNativeTarget;
			buildConfigurationList = 94F1DE9B291E071900411CCB /* Build configuration list for PBXNativeTarget "MoocherSpecs" */;
			buildPhases = (
				94F1DE90291E071900411CCB /* Sources */,
				94F1DE91291E071900411CCB /* Frameworks */,
				94F1DE92291E071900411CCB /* Resources */,
			);
			buildRules = (
			);
			dependencies = (
				94F1DE9A291E071900411CCB /* PBXTargetDependency */,
			);
			name = MoocherSpecs;
			productName = Specs;
			productReference = 94F1DE94291E071900411CCB /* MoocherSpecs.xctest */;
			productType = "com.apple.product-type.bundle.unit-test";
		};
		94F91F79292BC650005B0D76 /* MoocherPolling */ = {
			isa = PBXNativeTarget;
			buildConfigurationList = 94F91F80292BC650005B0D76 /* Build configuration list for PBXNativeTarget "MoocherPolling" */;
			buildPhases = (
				D6161875E2D9E2F20BD88428 /* [CP] Check Pods Manifest.lock */,
				94F91F75292BC650005B0D76 /* Headers */,
				94F91F76292BC650005B0D76 /* Sources */,
				94F91F81292BC6AC005B0D76 /* SwiftLint Run Script */,
				94F91F77292BC650005B0D76 /* Frameworks */,
				94F91F78292BC650005B0D76 /* Resources */,
				94F91F86292BC790005B0D76 /* Embed Frameworks */,
			);
			buildRules = (
			);
			dependencies = (
				94F91F85292BC790005B0D76 /* PBXTargetDependency */,
			);
			name = MoocherPolling;
			productName = MoocherPolling;
			productReference = 94F91F7A292BC650005B0D76 /* MoocherPolling.framework */;
			productType = "com.apple.product-type.framework";
		};
/* End PBXNativeTarget section */

/* Begin PBXProject section */
		94F1DE7B291E054900411CCB /* Project object */ = {
			isa = PBXProject;
			attributes = {
				BuildIndependentTargetsInParallel = 1;
				LastSwiftUpdateCheck = 1410;
				LastUpgradeCheck = 1520;
				TargetAttributes = {
					94386892292FEC1100D079A9 = {
						CreatedOnToolsVersion = 14.1;
					};
					94F1DE83291E054900411CCB = {
						CreatedOnToolsVersion = 14.0.1;
						LastSwiftMigration = 1400;
					};
					94F1DE93291E071900411CCB = {
						CreatedOnToolsVersion = 14.0.1;
					};
					94F91F79292BC650005B0D76 = {
						CreatedOnToolsVersion = 14.1;
						LastSwiftMigration = 1410;
					};
				};
			};
			buildConfigurationList = 94F1DE7E291E054900411CCB /* Build configuration list for PBXProject "Moocher" */;
			compatibilityVersion = "Xcode 14.0";
			developmentRegion = en;
			hasScannedForEncodings = 0;
			knownRegions = (
				en,
				Base,
			);
			mainGroup = 94F1DE7A291E054900411CCB;
			productRefGroup = 94F1DE85291E054900411CCB /* Products */;
			projectDirPath = "";
			projectRoot = "";
			targets = (
				94F1DE83291E054900411CCB /* Moocher */,
				94F91F79292BC650005B0D76 /* MoocherPolling */,
				94F1DE93291E071900411CCB /* MoocherSpecs */,
				94386892292FEC1100D079A9 /* MoocherPollingSpecs */,
			);
		};
/* End PBXProject section */

/* Begin PBXResourcesBuildPhase section */
		94386891292FEC1100D079A9 /* Resources */ = {
			isa = PBXResourcesBuildPhase;
			buildActionMask = 2147483647;
			files = (
			);
			runOnlyForDeploymentPostprocessing = 0;
		};
		94F1DE82291E054900411CCB /* Resources */ = {
			isa = PBXResourcesBuildPhase;
			buildActionMask = 2147483647;
			files = (
			);
			runOnlyForDeploymentPostprocessing = 0;
		};
		94F1DE92291E071900411CCB /* Resources */ = {
			isa = PBXResourcesBuildPhase;
			buildActionMask = 2147483647;
			files = (
			);
			runOnlyForDeploymentPostprocessing = 0;
		};
		94F91F78292BC650005B0D76 /* Resources */ = {
			isa = PBXResourcesBuildPhase;
			buildActionMask = 2147483647;
			files = (
			);
			runOnlyForDeploymentPostprocessing = 0;
		};
/* End PBXResourcesBuildPhase section */

/* Begin PBXShellScriptBuildPhase section */
		94F1DED22925DC3B00411CCB /* SwiftLint Run Script */ = {
			isa = PBXShellScriptBuildPhase;
			alwaysOutOfDate = 1;
			buildActionMask = 2147483647;
			files = (
			);
			inputFileListPaths = (
			);
			inputPaths = (
			);
			name = "SwiftLint Run Script";
			outputFileListPaths = (
			);
			outputPaths = (
			);
			runOnlyForDeploymentPostprocessing = 0;
			shellPath = /bin/sh;
			shellScript = "\"${PODS_ROOT}/SwiftLint/swiftlint\"\n";
		};
		94F91F81292BC6AC005B0D76 /* SwiftLint Run Script */ = {
			isa = PBXShellScriptBuildPhase;
			alwaysOutOfDate = 1;
			buildActionMask = 2147483647;
			files = (
			);
			inputFileListPaths = (
			);
			inputPaths = (
			);
			name = "SwiftLint Run Script";
			outputFileListPaths = (
			);
			outputPaths = (
			);
			runOnlyForDeploymentPostprocessing = 0;
			shellPath = /bin/sh;
			shellScript = "\"${PODS_ROOT}/SwiftLint/swiftlint\"\n";
		};
		959FAA3DE5C8480CE22AE059 /* [CP] Check Pods Manifest.lock */ = {
			isa = PBXShellScriptBuildPhase;
			buildActionMask = 2147483647;
			files = (
			);
			inputFileListPaths = (
			);
			inputPaths = (
				"${PODS_PODFILE_DIR_PATH}/Podfile.lock",
				"${PODS_ROOT}/Manifest.lock",
			);
			name = "[CP] Check Pods Manifest.lock";
			outputFileListPaths = (
			);
			outputPaths = (
				"$(DERIVED_FILE_DIR)/Pods-Moocher-checkManifestLockResult.txt",
			);
			runOnlyForDeploymentPostprocessing = 0;
			shellPath = /bin/sh;
			shellScript = "diff \"${PODS_PODFILE_DIR_PATH}/Podfile.lock\" \"${PODS_ROOT}/Manifest.lock\" > /dev/null\nif [ $? != 0 ] ; then\n    # print error to STDERR\n    echo \"error: The sandbox is not in sync with the Podfile.lock. Run 'pod install' or update your CocoaPods installation.\" >&2\n    exit 1\nfi\n# This output is used by Xcode 'outputs' to avoid re-running this script phase.\necho \"SUCCESS\" > \"${SCRIPT_OUTPUT_FILE_0}\"\n";
			showEnvVarsInLog = 0;
		};
		D6161875E2D9E2F20BD88428 /* [CP] Check Pods Manifest.lock */ = {
			isa = PBXShellScriptBuildPhase;
			buildActionMask = 2147483647;
			files = (
			);
			inputFileListPaths = (
			);
			inputPaths = (
				"${PODS_PODFILE_DIR_PATH}/Podfile.lock",
				"${PODS_ROOT}/Manifest.lock",
			);
			name = "[CP] Check Pods Manifest.lock";
			outputFileListPaths = (
			);
			outputPaths = (
				"$(DERIVED_FILE_DIR)/Pods-MoocherPolling-checkManifestLockResult.txt",
			);
			runOnlyForDeploymentPostprocessing = 0;
			shellPath = /bin/sh;
			shellScript = "diff \"${PODS_PODFILE_DIR_PATH}/Podfile.lock\" \"${PODS_ROOT}/Manifest.lock\" > /dev/null\nif [ $? != 0 ] ; then\n    # print error to STDERR\n    echo \"error: The sandbox is not in sync with the Podfile.lock. Run 'pod install' or update your CocoaPods installation.\" >&2\n    exit 1\nfi\n# This output is used by Xcode 'outputs' to avoid re-running this script phase.\necho \"SUCCESS\" > \"${SCRIPT_OUTPUT_FILE_0}\"\n";
			showEnvVarsInLog = 0;
		};
/* End PBXShellScriptBuildPhase section */

/* Begin PBXSourcesBuildPhase section */
		9438688F292FEC1100D079A9 /* Sources */ = {
			isa = PBXSourcesBuildPhase;
			buildActionMask = 2147483647;
			files = (
				944570332937F2F9009D9202 /* PollingContainSpec.swift in Sources */,
				9471F50D2B7C61700065CD44 /* PollingBeFalsySpec.swift in Sources */,
				9445702F2937992D009D9202 /* PollingBeNilSpec.swift in Sources */,
				944570312937ABDD009D9202 /* LongRunningTaskSimulator.swift in Sources */,
				9438689E292FEC8100D079A9 /* HangOnSpec.swift in Sources */,
				9445703529386577009D9202 /* PollingEqualSpec.swift in Sources */,
				9471F50B2B7C61600065CD44 /* PollingBeTruthySpec.swift in Sources */,
			);
			runOnlyForDeploymentPostprocessing = 0;
		};
		94F1DE80291E054900411CCB /* Sources */ = {
			isa = PBXSourcesBuildPhase;
			buildActionMask = 2147483647;
			files = (
				9499BD702922F000004C2244 /* BeNil.swift in Sources */,
				94F1DEB5292405A300411CCB /* ActualValue.swift in Sources */,
				94BCA9AE2B7FD3A100F0BE4E /* SpecBundle.swift in Sources */,
				9491131E2928502600B60941 /* EndWith.swift in Sources */,
				9499BD832923009B004C2244 /* BeGreaterThan.swift in Sources */,
				9499BD812922FFC8004C2244 /* BeLessThanOrEqualTo.swift in Sources */,
				94F91F71292A9E52005B0D76 /* HaveSizeOf.swift in Sources */,
				94CFFAD4292AE31B00D0C0FF /* HaveMinValueOf.swift in Sources */,
				9499BD852923440B004C2244 /* BeGreaterThanOrEqualTo.swift in Sources */,
				9499BD752922F1E9004C2244 /* BeKindOf.swift in Sources */,
				9499BD7B2922FCF1004C2244 /* BeTruthy.swift in Sources */,
				9499BD7F2922FECC004C2244 /* BeLessThan.swift in Sources */,
				94F1DEA1291E091100411CCB /* Expect.swift in Sources */,
				9471F4FC2B7B184F0065CD44 /* Atomic.swift in Sources */,
				9471F4EB2B76E75D0065CD44 /* SpecHelpers.swift in Sources */,
				94F91F6F292A7C23005B0D76 /* CompoundEngine.swift in Sources */,
				9499BD772922F3A4004C2244 /* ConformTo.swift in Sources */,
				94F1DEA7291E09CA00411CCB /* MatcherEngine.swift in Sources */,
				9499BD732922F1A6004C2244 /* BeInstanceOf.swift in Sources */,
				944570272935B399009D9202 /* AnyActualValue.swift in Sources */,
				9491131929284C5900B60941 /* StartWith.swift in Sources */,
				9499BD7D2922FD64004C2244 /* BeFalsy.swift in Sources */,
				94F1DEAF29234AF600411CCB /* ThrowError.swift in Sources */,
				94CFFAC72926C7BC00D0C0FF /* Contain.swift in Sources */,
				94CFFACC292ADD0600D0C0FF /* HaveMaxValueOf.swift in Sources */,
				9499BD792922F4DF004C2244 /* Equal.swift in Sources */,
				94F1DEB1292350DB00411CCB /* BeEmpty.swift in Sources */,
				94F1DEB32924056000411CCB /* NilMatcherEngine.swift in Sources */,
				9471F4FA2B7B181E0065CD44 /* SpecWrapper.swift in Sources */,
			);
			runOnlyForDeploymentPostprocessing = 0;
		};
		94F1DE90291E071900411CCB /* Sources */ = {
			isa = PBXSourcesBuildPhase;
			buildActionMask = 2147483647;
			files = (
				94F1DECD29253F8100411CCB /* ConformToSpec.swift in Sources */,
				9499BD65291EBA03004C2244 /* Dog.swift in Sources */,
				94CFFAD2292AE2AF00D0C0FF /* HaveMinValueOfSpec.swift in Sources */,
				94F1DECF2925403500411CCB /* EqualSpec.swift in Sources */,
				94F1DEBE29248CA200411CCB /* BeGreaterThanSpec.swift in Sources */,
				94F1DEB82924488000411CCB /* BeNilSpec.swift in Sources */,
				94F1DEBA2924490D00411CCB /* BeEmptySpec.swift in Sources */,
				94F1DEC62924976F00411CCB /* BeLessThanSpec.swift in Sources */,
				9499BD6A291ECD42004C2244 /* GrizzlyBear.swift in Sources */,
				94CFFACF292ADFB500D0C0FF /* HaveMaxValueOfSpec.swift in Sources */,
				9499BD6C291F1E9E004C2244 /* BJJBelt.swift in Sources */,
				94F91F74292A9FE4005B0D76 /* HaveSizeOfSpec.swift in Sources */,
				94F1DEC42924964300411CCB /* BeKindOfSpec.swift in Sources */,
				949113212929287E00B60941 /* EndWithSpec.swift in Sources */,
				94F1DEC829253E0200411CCB /* BeLessThanOrEqualToSpec.swift in Sources */,
				94F1DEC2292492E900411CCB /* BeInstanceOfSpec.swift in Sources */,
				9499BD68291EC21D004C2244 /* Fish.swift in Sources */,
				9491131C29284F5300B60941 /* StartWithSpec.swift in Sources */,
				94F1DECB29253EF400411CCB /* BeTruthySpec.swift in Sources */,
				94F1DED1292540CB00411CCB /* ThrowErrorSpec.swift in Sources */,
				94F1DEBC29248B9C00411CCB /* BeFalsySpec.swift in Sources */,
				94F1DEC029248F0400411CCB /* BeGreaterThanOrEqualSpec.swift in Sources */,
				94CFFACA292747AB00D0C0FF /* ContainSpec.swift in Sources */,
			);
			runOnlyForDeploymentPostprocessing = 0;
		};
		94F91F76292BC650005B0D76 /* Sources */ = {
			isa = PBXSourcesBuildPhase;
			buildActionMask = 2147483647;
			files = (
				9471F5062B7C5DE30065CD44 /* PollingBeTruthy.swift in Sources */,
				945E844C292F2048000339B8 /* PollingBeNil.swift in Sources */,
				945E844E292F2346000339B8 /* PollingEqual.swift in Sources */,
				9471F5082B7C5F7D0065CD44 /* PollingBeFalsy.swift in Sources */,
				94F91F93292D9945005B0D76 /* PollingExpect.swift in Sources */,
				94FBA5F3292EDA1300C9742D /* PollingActualValue.swift in Sources */,
				945E8449292F1843000339B8 /* Waiter.swift in Sources */,
				9438688E292FE3EE00D079A9 /* PollingContain.swift in Sources */,
				945E8443292DE969000339B8 /* Time.swift in Sources */,
				9471F5092B7C61100065CD44 /* PollingMatcherEngine.swift in Sources */,
				94F91F8B292BC86B005B0D76 /* HangOn.swift in Sources */,
			);
			runOnlyForDeploymentPostprocessing = 0;
		};
/* End PBXSourcesBuildPhase section */

/* Begin PBXTargetDependency section */
		94386899292FEC1100D079A9 /* PBXTargetDependency */ = {
			isa = PBXTargetDependency;
			target = 94F1DE83291E054900411CCB /* Moocher */;
			targetProxy = 94386898292FEC1100D079A9 /* PBXContainerItemProxy */;
		};
		94F1DE9A291E071900411CCB /* PBXTargetDependency */ = {
			isa = PBXTargetDependency;
			target = 94F1DE83291E054900411CCB /* Moocher */;
			targetProxy = 94F1DE99291E071900411CCB /* PBXContainerItemProxy */;
		};
		94F91F85292BC790005B0D76 /* PBXTargetDependency */ = {
			isa = PBXTargetDependency;
			target = 94F1DE83291E054900411CCB /* Moocher */;
			targetProxy = 94F91F84292BC790005B0D76 /* PBXContainerItemProxy */;
		};
/* End PBXTargetDependency section */

/* Begin XCBuildConfiguration section */
		9438689B292FEC1100D079A9 /* Debug */ = {
			isa = XCBuildConfiguration;
			buildSettings = {
				CODE_SIGN_STYLE = Manual;
				CURRENT_PROJECT_VERSION = 1;
				DEVELOPMENT_TEAM = "";
				GENERATE_INFOPLIST_FILE = YES;
				IPHONEOS_DEPLOYMENT_TARGET = 11.0;
				MARKETING_VERSION = 1.0;
				PRODUCT_BUNDLE_IDENTIFIER = teamthick.MoocherPollingSpecs;
				PRODUCT_NAME = "$(TARGET_NAME)";
				PROVISIONING_PROFILE_SPECIFIER = "";
				SWIFT_EMIT_LOC_STRINGS = NO;
				SWIFT_VERSION = 5.0;
				TARGETED_DEVICE_FAMILY = "1,2";
			};
			name = Debug;
		};
		9438689C292FEC1100D079A9 /* Release */ = {
			isa = XCBuildConfiguration;
			buildSettings = {
				CODE_SIGN_STYLE = Manual;
				CURRENT_PROJECT_VERSION = 1;
				DEVELOPMENT_TEAM = "";
				GENERATE_INFOPLIST_FILE = YES;
				IPHONEOS_DEPLOYMENT_TARGET = 11.0;
				MARKETING_VERSION = 1.0;
				PRODUCT_BUNDLE_IDENTIFIER = teamthick.MoocherPollingSpecs;
				PRODUCT_NAME = "$(TARGET_NAME)";
				PROVISIONING_PROFILE_SPECIFIER = "";
				SWIFT_EMIT_LOC_STRINGS = NO;
				SWIFT_VERSION = 5.0;
				TARGETED_DEVICE_FAMILY = "1,2";
			};
			name = Release;
		};
		94F1DE89291E054900411CCB /* Debug */ = {
			isa = XCBuildConfiguration;
			buildSettings = {
				ALWAYS_SEARCH_USER_PATHS = NO;
				CLANG_ANALYZER_NONNULL = YES;
				CLANG_ANALYZER_NUMBER_OBJECT_CONVERSION = YES_AGGRESSIVE;
				CLANG_CXX_LANGUAGE_STANDARD = "gnu++20";
				CLANG_ENABLE_MODULES = YES;
				CLANG_ENABLE_OBJC_ARC = YES;
				CLANG_ENABLE_OBJC_WEAK = YES;
				CLANG_WARN_BLOCK_CAPTURE_AUTORELEASING = YES;
				CLANG_WARN_BOOL_CONVERSION = YES;
				CLANG_WARN_COMMA = YES;
				CLANG_WARN_CONSTANT_CONVERSION = YES;
				CLANG_WARN_DEPRECATED_OBJC_IMPLEMENTATIONS = YES;
				CLANG_WARN_DIRECT_OBJC_ISA_USAGE = YES_ERROR;
				CLANG_WARN_DOCUMENTATION_COMMENTS = YES;
				CLANG_WARN_EMPTY_BODY = YES;
				CLANG_WARN_ENUM_CONVERSION = YES;
				CLANG_WARN_INFINITE_RECURSION = YES;
				CLANG_WARN_INT_CONVERSION = YES;
				CLANG_WARN_NON_LITERAL_NULL_CONVERSION = YES;
				CLANG_WARN_OBJC_IMPLICIT_RETAIN_SELF = YES;
				CLANG_WARN_OBJC_LITERAL_CONVERSION = YES;
				CLANG_WARN_OBJC_ROOT_CLASS = YES_ERROR;
				CLANG_WARN_QUOTED_INCLUDE_IN_FRAMEWORK_HEADER = YES;
				CLANG_WARN_RANGE_LOOP_ANALYSIS = YES;
				CLANG_WARN_STRICT_PROTOTYPES = YES;
				CLANG_WARN_SUSPICIOUS_MOVE = YES;
				CLANG_WARN_UNGUARDED_AVAILABILITY = YES_AGGRESSIVE;
				CLANG_WARN_UNREACHABLE_CODE = YES;
				CLANG_WARN__DUPLICATE_METHOD_MATCH = YES;
				COPY_PHASE_STRIP = NO;
				CURRENT_PROJECT_VERSION = 1;
				DEBUG_INFORMATION_FORMAT = dwarf;
				ENABLE_STRICT_OBJC_MSGSEND = YES;
				ENABLE_TESTABILITY = YES;
				GCC_C_LANGUAGE_STANDARD = gnu11;
				GCC_DYNAMIC_NO_PIC = NO;
				GCC_NO_COMMON_BLOCKS = YES;
				GCC_OPTIMIZATION_LEVEL = 0;
				GCC_PREPROCESSOR_DEFINITIONS = (
					"DEBUG=1",
					"$(inherited)",
				);
				GCC_WARN_64_TO_32_BIT_CONVERSION = YES;
				GCC_WARN_ABOUT_RETURN_TYPE = YES_ERROR;
				GCC_WARN_UNDECLARED_SELECTOR = YES;
				GCC_WARN_UNINITIALIZED_AUTOS = YES_AGGRESSIVE;
				GCC_WARN_UNUSED_FUNCTION = YES;
				GCC_WARN_UNUSED_VARIABLE = YES;
				IPHONEOS_DEPLOYMENT_TARGET = 11.0;
				MARKETING_VERSION = 0.4.4;
				MTL_ENABLE_DEBUG_INFO = INCLUDE_SOURCE;
				MTL_FAST_MATH = YES;
				ONLY_ACTIVE_ARCH = YES;
				SDKROOT = iphoneos;
				SWIFT_ACTIVE_COMPILATION_CONDITIONS = DEBUG;
				SWIFT_OPTIMIZATION_LEVEL = "-Onone";
				VERSIONING_SYSTEM = "apple-generic";
				VERSION_INFO_PREFIX = "";
			};
			name = Debug;
		};
		94F1DE8A291E054900411CCB /* Release */ = {
			isa = XCBuildConfiguration;
			buildSettings = {
				ALWAYS_SEARCH_USER_PATHS = NO;
				CLANG_ANALYZER_NONNULL = YES;
				CLANG_ANALYZER_NUMBER_OBJECT_CONVERSION = YES_AGGRESSIVE;
				CLANG_CXX_LANGUAGE_STANDARD = "gnu++20";
				CLANG_ENABLE_MODULES = YES;
				CLANG_ENABLE_OBJC_ARC = YES;
				CLANG_ENABLE_OBJC_WEAK = YES;
				CLANG_WARN_BLOCK_CAPTURE_AUTORELEASING = YES;
				CLANG_WARN_BOOL_CONVERSION = YES;
				CLANG_WARN_COMMA = YES;
				CLANG_WARN_CONSTANT_CONVERSION = YES;
				CLANG_WARN_DEPRECATED_OBJC_IMPLEMENTATIONS = YES;
				CLANG_WARN_DIRECT_OBJC_ISA_USAGE = YES_ERROR;
				CLANG_WARN_DOCUMENTATION_COMMENTS = YES;
				CLANG_WARN_EMPTY_BODY = YES;
				CLANG_WARN_ENUM_CONVERSION = YES;
				CLANG_WARN_INFINITE_RECURSION = YES;
				CLANG_WARN_INT_CONVERSION = YES;
				CLANG_WARN_NON_LITERAL_NULL_CONVERSION = YES;
				CLANG_WARN_OBJC_IMPLICIT_RETAIN_SELF = YES;
				CLANG_WARN_OBJC_LITERAL_CONVERSION = YES;
				CLANG_WARN_OBJC_ROOT_CLASS = YES_ERROR;
				CLANG_WARN_QUOTED_INCLUDE_IN_FRAMEWORK_HEADER = YES;
				CLANG_WARN_RANGE_LOOP_ANALYSIS = YES;
				CLANG_WARN_STRICT_PROTOTYPES = YES;
				CLANG_WARN_SUSPICIOUS_MOVE = YES;
				CLANG_WARN_UNGUARDED_AVAILABILITY = YES_AGGRESSIVE;
				CLANG_WARN_UNREACHABLE_CODE = YES;
				CLANG_WARN__DUPLICATE_METHOD_MATCH = YES;
				COPY_PHASE_STRIP = NO;
				CURRENT_PROJECT_VERSION = 1;
				DEBUG_INFORMATION_FORMAT = "dwarf-with-dsym";
				ENABLE_NS_ASSERTIONS = NO;
				ENABLE_STRICT_OBJC_MSGSEND = YES;
				GCC_C_LANGUAGE_STANDARD = gnu11;
				GCC_NO_COMMON_BLOCKS = YES;
				GCC_WARN_64_TO_32_BIT_CONVERSION = YES;
				GCC_WARN_ABOUT_RETURN_TYPE = YES_ERROR;
				GCC_WARN_UNDECLARED_SELECTOR = YES;
				GCC_WARN_UNINITIALIZED_AUTOS = YES_AGGRESSIVE;
				GCC_WARN_UNUSED_FUNCTION = YES;
				GCC_WARN_UNUSED_VARIABLE = YES;
				IPHONEOS_DEPLOYMENT_TARGET = 11.0;
				MARKETING_VERSION = 0.4.4;
				MTL_ENABLE_DEBUG_INFO = NO;
				MTL_FAST_MATH = YES;
				SDKROOT = iphoneos;
				SWIFT_COMPILATION_MODE = wholemodule;
				SWIFT_OPTIMIZATION_LEVEL = "-O";
				VALIDATE_PRODUCT = YES;
				VERSIONING_SYSTEM = "apple-generic";
				VERSION_INFO_PREFIX = "";
			};
			name = Release;
		};
		94F1DE8C291E054900411CCB /* Debug */ = {
			isa = XCBuildConfiguration;
			baseConfigurationReference = 00BC454C19C33986ED647BA1 /* Pods-Moocher.debug.xcconfig */;
			buildSettings = {
				CLANG_ENABLE_MODULES = YES;
				CODE_SIGN_STYLE = Manual;
				CURRENT_PROJECT_VERSION = 1;
				DEFINES_MODULE = YES;
				DEVELOPMENT_TEAM = "";
				DYLIB_COMPATIBILITY_VERSION = 1;
				DYLIB_CURRENT_VERSION = 1;
				DYLIB_INSTALL_NAME_BASE = "@rpath";
				ENABLE_MODULE_VERIFIER = YES;
				GENERATE_INFOPLIST_FILE = YES;
				INFOPLIST_KEY_NSHumanReadableCopyright = "";
				INSTALL_PATH = "$(LOCAL_LIBRARY_DIR)/Frameworks";
				IPHONEOS_DEPLOYMENT_TARGET = 11.0;
				LD_RUNPATH_SEARCH_PATHS = (
					"$(inherited)",
					"@executable_path/Frameworks",
					"@loader_path/Frameworks",
				);
				MARKETING_VERSION = 0.4.4;
				MODULE_VERIFIER_SUPPORTED_LANGUAGES = "objective-c objective-c++";
				MODULE_VERIFIER_SUPPORTED_LANGUAGE_STANDARDS = "gnu11 gnu++20";
				PRODUCT_BUNDLE_IDENTIFIER = teamthick.Moocher;
				PRODUCT_NAME = "$(TARGET_NAME:c99extidentifier)";
				PROVISIONING_PROFILE_SPECIFIER = "";
				SKIP_INSTALL = YES;
				SWIFT_EMIT_LOC_STRINGS = YES;
				SWIFT_OPTIMIZATION_LEVEL = "-Onone";
				SWIFT_VERSION = 5.0;
				TARGETED_DEVICE_FAMILY = "1,2";
			};
			name = Debug;
		};
		94F1DE8D291E054900411CCB /* Release */ = {
			isa = XCBuildConfiguration;
			baseConfigurationReference = 57158842E9BCE7892E49748A /* Pods-Moocher.release.xcconfig */;
			buildSettings = {
				CLANG_ENABLE_MODULES = YES;
				CODE_SIGN_STYLE = Manual;
				CURRENT_PROJECT_VERSION = 1;
				DEFINES_MODULE = YES;
				DEVELOPMENT_TEAM = "";
				DYLIB_COMPATIBILITY_VERSION = 1;
				DYLIB_CURRENT_VERSION = 1;
				DYLIB_INSTALL_NAME_BASE = "@rpath";
				ENABLE_MODULE_VERIFIER = YES;
				GENERATE_INFOPLIST_FILE = YES;
				INFOPLIST_KEY_NSHumanReadableCopyright = "";
				INSTALL_PATH = "$(LOCAL_LIBRARY_DIR)/Frameworks";
				IPHONEOS_DEPLOYMENT_TARGET = 11.0;
				LD_RUNPATH_SEARCH_PATHS = (
					"$(inherited)",
					"@executable_path/Frameworks",
					"@loader_path/Frameworks",
				);
				MARKETING_VERSION = 0.4.4;
				MODULE_VERIFIER_SUPPORTED_LANGUAGES = "objective-c objective-c++";
				MODULE_VERIFIER_SUPPORTED_LANGUAGE_STANDARDS = "gnu11 gnu++20";
				PRODUCT_BUNDLE_IDENTIFIER = teamthick.Moocher;
				PRODUCT_NAME = "$(TARGET_NAME:c99extidentifier)";
				PROVISIONING_PROFILE_SPECIFIER = "";
				SKIP_INSTALL = YES;
				SWIFT_EMIT_LOC_STRINGS = YES;
				SWIFT_VERSION = 5.0;
				TARGETED_DEVICE_FAMILY = "1,2";
			};
			name = Release;
		};
		94F1DE9C291E071900411CCB /* Debug */ = {
			isa = XCBuildConfiguration;
			buildSettings = {
				ALWAYS_EMBED_SWIFT_STANDARD_LIBRARIES = YES;
				CODE_SIGN_STYLE = Manual;
				CURRENT_PROJECT_VERSION = 1;
				DEVELOPMENT_TEAM = "";
				GENERATE_INFOPLIST_FILE = YES;
				IPHONEOS_DEPLOYMENT_TARGET = 11.0;
				MARKETING_VERSION = 1.0;
				PRODUCT_BUNDLE_IDENTIFIER = teamthick.Specs;
				PRODUCT_NAME = "$(TARGET_NAME)";
				PROVISIONING_PROFILE_SPECIFIER = "";
				SWIFT_EMIT_LOC_STRINGS = NO;
				SWIFT_VERSION = 5.0;
				TARGETED_DEVICE_FAMILY = "1,2";
			};
			name = Debug;
		};
		94F1DE9D291E071900411CCB /* Release */ = {
			isa = XCBuildConfiguration;
			buildSettings = {
				ALWAYS_EMBED_SWIFT_STANDARD_LIBRARIES = YES;
				CODE_SIGN_STYLE = Manual;
				CURRENT_PROJECT_VERSION = 1;
				DEVELOPMENT_TEAM = "";
				GENERATE_INFOPLIST_FILE = YES;
				IPHONEOS_DEPLOYMENT_TARGET = 11.0;
				MARKETING_VERSION = 1.0;
				PRODUCT_BUNDLE_IDENTIFIER = teamthick.Specs;
				PRODUCT_NAME = "$(TARGET_NAME)";
				PROVISIONING_PROFILE_SPECIFIER = "";
				SWIFT_EMIT_LOC_STRINGS = NO;
				SWIFT_VERSION = 5.0;
				TARGETED_DEVICE_FAMILY = "1,2";
			};
			name = Release;
		};
		94F91F7E292BC650005B0D76 /* Debug */ = {
			isa = XCBuildConfiguration;
			baseConfigurationReference = F62AD5C86C122149444FDAA5 /* Pods-MoocherPolling.debug.xcconfig */;
			buildSettings = {
				CLANG_ENABLE_MODULES = YES;
				CODE_SIGN_STYLE = Manual;
				CURRENT_PROJECT_VERSION = 1;
				DEFINES_MODULE = YES;
				DEVELOPMENT_TEAM = "";
				DYLIB_COMPATIBILITY_VERSION = 1;
				DYLIB_CURRENT_VERSION = 1;
				DYLIB_INSTALL_NAME_BASE = "@rpath";
				ENABLE_MODULE_VERIFIER = YES;
				GENERATE_INFOPLIST_FILE = YES;
				INFOPLIST_KEY_NSHumanReadableCopyright = "";
				INSTALL_PATH = "$(LOCAL_LIBRARY_DIR)/Frameworks";
				IPHONEOS_DEPLOYMENT_TARGET = 11.0;
				LD_RUNPATH_SEARCH_PATHS = (
					"$(inherited)",
					"@executable_path/Frameworks",
					"@loader_path/Frameworks",
				);
				MARKETING_VERSION = 0.4.4;
				MODULE_VERIFIER_SUPPORTED_LANGUAGES = "objective-c objective-c++";
				MODULE_VERIFIER_SUPPORTED_LANGUAGE_STANDARDS = "gnu11 gnu++20";
				PRODUCT_BUNDLE_IDENTIFIER = teamthick.MoocherPolling;
				PRODUCT_NAME = "$(TARGET_NAME:c99extidentifier)";
				PROVISIONING_PROFILE_SPECIFIER = "";
				SKIP_INSTALL = YES;
				SWIFT_EMIT_LOC_STRINGS = YES;
				SWIFT_OPTIMIZATION_LEVEL = "-Onone";
				SWIFT_VERSION = 5.0;
				TARGETED_DEVICE_FAMILY = "1,2";
			};
			name = Debug;
		};
		94F91F7F292BC650005B0D76 /* Release */ = {
			isa = XCBuildConfiguration;
			baseConfigurationReference = B88678D562CD7D2AB5126678 /* Pods-MoocherPolling.release.xcconfig */;
			buildSettings = {
				CLANG_ENABLE_MODULES = YES;
				CODE_SIGN_STYLE = Manual;
				CURRENT_PROJECT_VERSION = 1;
				DEFINES_MODULE = YES;
				DEVELOPMENT_TEAM = "";
				DYLIB_COMPATIBILITY_VERSION = 1;
				DYLIB_CURRENT_VERSION = 1;
				DYLIB_INSTALL_NAME_BASE = "@rpath";
				ENABLE_MODULE_VERIFIER = YES;
				GENERATE_INFOPLIST_FILE = YES;
				INFOPLIST_KEY_NSHumanReadableCopyright = "";
				INSTALL_PATH = "$(LOCAL_LIBRARY_DIR)/Frameworks";
				IPHONEOS_DEPLOYMENT_TARGET = 11.0;
				LD_RUNPATH_SEARCH_PATHS = (
					"$(inherited)",
					"@executable_path/Frameworks",
					"@loader_path/Frameworks",
				);
				MARKETING_VERSION = 0.4.4;
				MODULE_VERIFIER_SUPPORTED_LANGUAGES = "objective-c objective-c++";
				MODULE_VERIFIER_SUPPORTED_LANGUAGE_STANDARDS = "gnu11 gnu++20";
				PRODUCT_BUNDLE_IDENTIFIER = teamthick.MoocherPolling;
				PRODUCT_NAME = "$(TARGET_NAME:c99extidentifier)";
				PROVISIONING_PROFILE_SPECIFIER = "";
				SKIP_INSTALL = YES;
				SWIFT_EMIT_LOC_STRINGS = YES;
				SWIFT_VERSION = 5.0;
				TARGETED_DEVICE_FAMILY = "1,2";
			};
			name = Release;
		};
/* End XCBuildConfiguration section */

/* Begin XCConfigurationList section */
		9438689A292FEC1100D079A9 /* Build configuration list for PBXNativeTarget "MoocherPollingSpecs" */ = {
			isa = XCConfigurationList;
			buildConfigurations = (
				9438689B292FEC1100D079A9 /* Debug */,
				9438689C292FEC1100D079A9 /* Release */,
			);
			defaultConfigurationIsVisible = 0;
			defaultConfigurationName = Release;
		};
		94F1DE7E291E054900411CCB /* Build configuration list for PBXProject "Moocher" */ = {
			isa = XCConfigurationList;
			buildConfigurations = (
				94F1DE89291E054900411CCB /* Debug */,
				94F1DE8A291E054900411CCB /* Release */,
			);
			defaultConfigurationIsVisible = 0;
			defaultConfigurationName = Release;
		};
		94F1DE8B291E054900411CCB /* Build configuration list for PBXNativeTarget "Moocher" */ = {
			isa = XCConfigurationList;
			buildConfigurations = (
				94F1DE8C291E054900411CCB /* Debug */,
				94F1DE8D291E054900411CCB /* Release */,
			);
			defaultConfigurationIsVisible = 0;
			defaultConfigurationName = Release;
		};
		94F1DE9B291E071900411CCB /* Build configuration list for PBXNativeTarget "MoocherSpecs" */ = {
			isa = XCConfigurationList;
			buildConfigurations = (
				94F1DE9C291E071900411CCB /* Debug */,
				94F1DE9D291E071900411CCB /* Release */,
			);
			defaultConfigurationIsVisible = 0;
			defaultConfigurationName = Release;
		};
		94F91F80292BC650005B0D76 /* Build configuration list for PBXNativeTarget "MoocherPolling" */ = {
			isa = XCConfigurationList;
			buildConfigurations = (
				94F91F7E292BC650005B0D76 /* Debug */,
				94F91F7F292BC650005B0D76 /* Release */,
			);
			defaultConfigurationIsVisible = 0;
			defaultConfigurationName = Release;
		};
/* End XCConfigurationList section */
	};
	rootObject = 94F1DE7B291E054900411CCB /* Project object */;
}
